
Microsoft Visual Studio Solution File, Format Version 12.00
# Visual Studio 14
VisualStudioVersion = 14.0.21730.1
MinimumVisualStudioVersion = 10.0.40219.1
Project("{FAE04EC0-301F-11D3-BF4B-00C04F79EFBC}") = "Concurrent", "Concurrent\Concurrent.csproj", "{9DD72807-9C39-45B8-B488-FE8FFE2AF905}"
EndProject
Project("{FAE04EC0-301F-11D3-BF4B-00C04F79EFBC}") = "Test", "Test\Test.csproj", "{BB75B1EE-DF72-4C1D-A09D-72D90C497CD9}"
EndProject
Global
	GlobalSection(SolutionConfigurationPlatforms) = preSolution
		Debug|Any CPU = Debug|Any CPU
		Release|Any CPU = Release|Any CPU
	EndGlobalSection
	GlobalSection(ProjectConfigurationPlatforms) = postSolution
		{9DD72807-9C39-45B8-B488-FE8FFE2AF905}.Debug|Any CPU.ActiveCfg = Debug|Any CPU
		{9DD72807-9C39-45B8-B488-FE8FFE2AF905}.Debug|Any CPU.Build.0 = Debug|Any CPU
		{9DD72807-9C39-45B8-B488-FE8FFE2AF905}.Release|Any CPU.ActiveCfg = Release|Any CPU
		{9DD72807-9C39-45B8-B488-FE8FFE2AF905}.Release|Any CPU.Build.0 = Release|Any CPU
		{BB75B1EE-DF72-4C1D-A09D-72D90C497CD9}.Debug|Any CPU.ActiveCfg = Debug|Any CPU
		{BB75B1EE-DF72-4C1D-A09D-72D90C497CD9}.Debug|Any CPU.Build.0 = Debug|Any CPU
		{BB75B1EE-DF72-4C1D-A09D-72D90C497CD9}.Release|Any CPU.ActiveCfg = Release|Any CPU
		{BB75B1EE-DF72-4C1D-A09D-72D90C497CD9}.Release|Any CPU.Build.0 = Release|Any CPU
	EndGlobalSection
	GlobalSection(SolutionProperties) = preSolution
		HideSolutionNode = FALSE
	EndGlobalSection
EndGlobal
